
Microsoft Visual Studio Solution File, Format Version 12.00
# Visual Studio Version 17
VisualStudioVersion = 17.9.34728.123
MinimumVisualStudioVersion = 10.0.40219.1
Project("{FAE04EC0-301F-11D3-BF4B-00C04F79EFBC}") = "bco.atlantidad.estadocuenta.api", "bco.atlantidad.estadocuenta.api\bco.atlantidad.estadocuenta.api.csproj", "{64D490D9-AE9E-454A-8088-3E909F3421C8}"
EndProject
Global
	GlobalSection(SolutionConfigurationPlatforms) = preSolution
		Debug|Any CPU = Debug|Any CPU
		Release|Any CPU = Release|Any CPU
	EndGlobalSection
	GlobalSection(ProjectConfigurationPlatforms) = postSolution
		{64D490D9-AE9E-454A-8088-3E909F3421C8}.Debug|Any CPU.ActiveCfg = Debug|Any CPU
		{64D490D9-AE9E-454A-8088-3E909F3421C8}.Debug|Any CPU.Build.0 = Debug|Any CPU
		{64D490D9-AE9E-454A-8088-3E909F3421C8}.Release|Any CPU.ActiveCfg = Release|Any CPU
		{64D490D9-AE9E-454A-8088-3E909F3421C8}.Release|Any CPU.Build.0 = Release|Any CPU
	EndGlobalSection
	GlobalSection(SolutionProperties) = preSolution
		HideSolutionNode = FALSE
	EndGlobalSection
	GlobalSection(ExtensibilityGlobals) = postSolution
		SolutionGuid = {70D3515A-F195-4C4B-BE64-CE298DA2D207}
	EndGlobalSection
EndGlobal
